// !$*UTF8*$!
{
	archiveVersion = 1;
	classes = {
	};
	objectVersion = 46;
	objects = {

/* Begin PBXBuildFile section */
		014058944CFE6AE1A2171D12 /* OscTypes.cpp in Sources */ = {isa = PBXBuildFile; fileRef = 0BF2C3D22217F4607658D67D /* OscTypes.cpp */; };
		1D60589F0D05DD5A006BFB54 /* Foundation.framework in Frameworks */ = {isa = PBXBuildFile; fileRef = 1D30AB110D05D00D00671497 /* Foundation.framework */; };
		1DF5F4E00D08C38300B7A737 /* UIKit.framework in Frameworks */ = {isa = PBXBuildFile; fileRef = 1DF5F4DF0D08C38300B7A737 /* UIKit.framework */; };
		233A0F02E9F68EDE691EA664 /* ofxAssimpTexture.cpp in Sources */ = {isa = PBXBuildFile; fileRef = A232DC49511DE52D0EC6AAE3 /* ofxAssimpTexture.cpp */; };
		288765FD0DF74451002DB57D /* CoreGraphics.framework in Frameworks */ = {isa = PBXBuildFile; fileRef = 288765FC0DF74451002DB57D /* CoreGraphics.framework */; };
		40F8E3F7627F83C74FD9086A /* ofxOscBundle.cpp in Sources */ = {isa = PBXBuildFile; fileRef = 673AFCBC7323D2A93120A7A2 /* ofxOscBundle.cpp */; };
		5326AEA810A23A0500278DE6 /* CoreLocation.framework in Frameworks */ = {isa = PBXBuildFile; fileRef = 5326AEA710A23A0500278DE6 /* CoreLocation.framework */; };
		53F323EB10A20EDB00E0DAE4 /* OpenAL.framework in Frameworks */ = {isa = PBXBuildFile; fileRef = 53F323EA10A20EDB00E0DAE4 /* OpenAL.framework */; };
		678E130817951530005B6D19 /* Icon@2x.png in Resources */ = {isa = PBXBuildFile; fileRef = 678E130717951530005B6D19 /* Icon@2x.png */; };
		678E130A17951536005B6D19 /* Icon.png in Resources */ = {isa = PBXBuildFile; fileRef = 678E130917951536005B6D19 /* Icon.png */; };
		678E130C1795153C005B6D19 /* Default.png in Resources */ = {isa = PBXBuildFile; fileRef = 678E130B1795153C005B6D19 /* Default.png */; };
		678E130E17951540005B6D19 /* Default@2x.png in Resources */ = {isa = PBXBuildFile; fileRef = 678E130D17951540005B6D19 /* Default@2x.png */; };
		678E131017951549005B6D19 /* Default-568h@2x~iphone.png in Resources */ = {isa = PBXBuildFile; fileRef = 678E130F17951549005B6D19 /* Default-568h@2x~iphone.png */; };
		67DFA53619F92A69003B3434 /* Accelerate.framework in Frameworks */ = {isa = PBXBuildFile; fileRef = 67DFA53419F92A5E003B3434 /* Accelerate.framework */; };
		6C503756DAFDCF2FEEE0EAA0 /* ofxOscMessage.cpp in Sources */ = {isa = PBXBuildFile; fileRef = 8A844876A71DBD7546201CC6 /* ofxOscMessage.cpp */; };
		6F2D739BB67B61B0D43AB5BD /* ofxOscReceiver.cpp in Sources */ = {isa = PBXBuildFile; fileRef = B34D2935437BD95ED6DA2A59 /* ofxOscReceiver.cpp */; };
		71A4F6BBEA51DEF95C3F5A32 /* ofxAssimpModelLoader.cpp in Sources */ = {isa = PBXBuildFile; fileRef = 9E8C3FB74CE065668FFE36A8 /* ofxAssimpModelLoader.cpp */; };
		866ACEB977FAB3191AD48906 /* ofxOscSender.cpp in Sources */ = {isa = PBXBuildFile; fileRef = 7B2BAA0F221902291E676F45 /* ofxOscSender.cpp */; };
		9753D2F373BDF97B89D59B33 /* OscPrintReceivedElements.cpp in Sources */ = {isa = PBXBuildFile; fileRef = C529D43984024AF697ABF518 /* OscPrintReceivedElements.cpp */; };
		A857235EB7F8624F0C02D157 /* OscOutboundPacketStream.cpp in Sources */ = {isa = PBXBuildFile; fileRef = 842C081DBEA090E7F737DF9A /* OscOutboundPacketStream.cpp */; };
		A8B8283198E49CA16FCF7123 /* ofxAssimpAnimation.cpp in Sources */ = {isa = PBXBuildFile; fileRef = A3962704A10206FCA4A60A61 /* ofxAssimpAnimation.cpp */; };
		BB16EBD20F2B2A9500518274 /* OpenGLES.framework in Frameworks */ = {isa = PBXBuildFile; fileRef = BB16EBD10F2B2A9500518274 /* OpenGLES.framework */; };
		BB16EBD90F2B2AB500518274 /* QuartzCore.framework in Frameworks */ = {isa = PBXBuildFile; fileRef = BB16EBD80F2B2AB500518274 /* QuartzCore.framework */; };
		BBE5EAB80F49AD8400F28951 /* AudioToolbox.framework in Frameworks */ = {isa = PBXBuildFile; fileRef = BBE5EAB70F49AD8400F28951 /* AudioToolbox.framework */; };
		C46DA3F4F6B7C7522D9AF980 /* ofxAssimpMeshHelper.cpp in Sources */ = {isa = PBXBuildFile; fileRef = 061D82779EE254DB67CC3EEF /* ofxAssimpMeshHelper.cpp */; };
		C9651B24B869083F299EFA4D /* UdpSocket.cpp in Sources */ = {isa = PBXBuildFile; fileRef = 28BB671FAE846D1979E878D2 /* UdpSocket.cpp */; };
		DBB73811B127DAE7DE28C895 /* ofxOscParameterSync.cpp in Sources */ = {isa = PBXBuildFile; fileRef = ACBFC30D00C04E86C8464ADE /* ofxOscParameterSync.cpp */; };
		E41D400B13B39D2100A75A5D /* AVFoundation.framework in Frameworks */ = {isa = PBXBuildFile; fileRef = E41D400613B39D2100A75A5D /* AVFoundation.framework */; };
		E41D400C13B39D2100A75A5D /* CoreMedia.framework in Frameworks */ = {isa = PBXBuildFile; fileRef = E41D400713B39D2100A75A5D /* CoreMedia.framework */; };
		E41D400D13B39D2100A75A5D /* CoreVideo.framework in Frameworks */ = {isa = PBXBuildFile; fileRef = E41D400813B39D2100A75A5D /* CoreVideo.framework */; };
		E41D400E13B39D2100A75A5D /* MapKit.framework in Frameworks */ = {isa = PBXBuildFile; fileRef = E41D400913B39D2100A75A5D /* MapKit.framework */; };
		E41D421413B3A95300A75A5D /* libofxiOS_iphoneos_Debug.a in Frameworks */ = {isa = PBXBuildFile; fileRef = E41D410213B3A0D800A75A5D /* libofxiOS_iphoneos_Debug.a */; };
		E4D8936E11527B74007E1F53 /* main.mm in Sources */ = {isa = PBXBuildFile; fileRef = E4D8936B11527B74007E1F53 /* main.mm */; };
		E4D8936F11527B74007E1F53 /* ofApp.mm in Sources */ = {isa = PBXBuildFile; fileRef = E4D8936D11527B74007E1F53 /* ofApp.mm */; };
		E717C5A73BE4076EDBC728DC /* IpEndpointName.cpp in Sources */ = {isa = PBXBuildFile; fileRef = 6EE05DD94DAD5D94142391A8 /* IpEndpointName.cpp */; };
		EA2250D41F54F50000967D48 /* BrainController.cpp in Sources */ = {isa = PBXBuildFile; fileRef = EA2250CE1F54F50000967D48 /* BrainController.cpp */; };
		EA2250D51F54F50000967D48 /* ofDecomposeModel.cpp in Sources */ = {isa = PBXBuildFile; fileRef = EA2250D01F54F50000967D48 /* ofDecomposeModel.cpp */; };
		EA2250D61F54F50000967D48 /* OSCManager.cpp in Sources */ = {isa = PBXBuildFile; fileRef = EA2250D21F54F50000967D48 /* OSCManager.cpp */; };
		EA2250DC1F55081B00967D48 /* BrainModelData.cpp in Sources */ = {isa = PBXBuildFile; fileRef = EA2250DB1F55081B00967D48 /* BrainModelData.cpp */; };
		F0509CA2E805D1D5F70A87D0 /* NetworkingUtils.cpp in Sources */ = {isa = PBXBuildFile; fileRef = F72D5263CF8609CF22E13BD6 /* NetworkingUtils.cpp */; };
		F95B04FD042E7407B70EE321 /* OscReceivedElements.cpp in Sources */ = {isa = PBXBuildFile; fileRef = 01571FD18D74B633FA614437 /* OscReceivedElements.cpp */; };
/* End PBXBuildFile section */

/* Begin PBXContainerItemProxy section */
		E41D410113B3A0D800A75A5D /* PBXContainerItemProxy */ = {
			isa = PBXContainerItemProxy;
			containerPortal = E41D40FD13B3A0D800A75A5D /* iOS+OFLib.xcodeproj */;
			proxyType = 2;
			remoteGlobalIDString = BB24DED610DA7A3F00E9C588;
			remoteInfo = "iPhone+OF Static Library";
		};
		E41D410313B3A11300A75A5D /* PBXContainerItemProxy */ = {
			isa = PBXContainerItemProxy;
			containerPortal = E41D40FD13B3A0D800A75A5D /* iOS+OFLib.xcodeproj */;
			proxyType = 1;
			remoteGlobalIDString = BB24DE5C10DA7A3F00E9C588;
			remoteInfo = "iPhone+OF Static Library";
		};
/* End PBXContainerItemProxy section */

/* Begin PBXFileReference section */
		01571FD18D74B633FA614437 /* OscReceivedElements.cpp */ = {isa = PBXFileReference; explicitFileType = sourcecode.cpp.cpp; fileEncoding = 30; name = OscReceivedElements.cpp; path = ../../addons/ofxOsc/libs/oscpack/src/osc/OscReceivedElements.cpp; sourceTree = SOURCE_ROOT; };
		019ECB46331A3CEA983C6A04 /* material.h */ = {isa = PBXFileReference; explicitFileType = sourcecode.c.h; fileEncoding = 30; name = material.h; path = ../../addons/ofxAssimpModelLoader/libs/assimp/include/assimp/material.h; sourceTree = SOURCE_ROOT; };
		061D82779EE254DB67CC3EEF /* ofxAssimpMeshHelper.cpp */ = {isa = PBXFileReference; explicitFileType = sourcecode.cpp.cpp; fileEncoding = 30; name = ofxAssimpMeshHelper.cpp; path = ../../addons/ofxAssimpModelLoader/src/ofxAssimpMeshHelper.cpp; sourceTree = SOURCE_ROOT; };
		07240315F2210E6D0CA4BB3C /* TimerListener.h */ = {isa = PBXFileReference; explicitFileType = sourcecode.c.h; fileEncoding = 30; name = TimerListener.h; path = ../../addons/ofxOsc/libs/oscpack/src/ip/TimerListener.h; sourceTree = SOURCE_ROOT; };
		0BF2C3D22217F4607658D67D /* OscTypes.cpp */ = {isa = PBXFileReference; explicitFileType = sourcecode.cpp.cpp; fileEncoding = 30; name = OscTypes.cpp; path = ../../addons/ofxOsc/libs/oscpack/src/osc/OscTypes.cpp; sourceTree = SOURCE_ROOT; };
		0E36A9D04F505F881E0B2125 /* types.h */ = {isa = PBXFileReference; explicitFileType = sourcecode.c.h; fileEncoding = 30; name = types.h; path = ../../addons/ofxAssimpModelLoader/libs/assimp/include/assimp/types.h; sourceTree = SOURCE_ROOT; };
		0E74906A7CCD6F75F1602E9C /* config.h */ = {isa = PBXFileReference; explicitFileType = sourcecode.c.h; fileEncoding = 30; name = config.h; path = ../../addons/ofxAssimpModelLoader/libs/assimp/include/assimp/config.h; sourceTree = SOURCE_ROOT; };
		100BF3DD9598682646FF5BD3 /* ofxOscParameterSync.h */ = {isa = PBXFileReference; explicitFileType = sourcecode.c.h; fileEncoding = 30; name = ofxOscParameterSync.h; path = ../../addons/ofxOsc/src/ofxOscParameterSync.h; sourceTree = SOURCE_ROOT; };
		12349132C1E5383DE334BF5B /* IOSystem.hpp */ = {isa = PBXFileReference; explicitFileType = sourcecode.c.h; fileEncoding = 30; name = IOSystem.hpp; path = ../../addons/ofxAssimpModelLoader/libs/assimp/include/assimp/IOSystem.hpp; sourceTree = SOURCE_ROOT; };
		18FC62A98509C455653A6D55 /* pstdint.h */ = {isa = PBXFileReference; explicitFileType = sourcecode.c.h; fileEncoding = 30; name = pstdint.h; path = ../../addons/ofxAssimpModelLoader/libs/assimp/include/assimp/Compiler/pstdint.h; sourceTree = SOURCE_ROOT; };
		1D30AB110D05D00D00671497 /* Foundation.framework */ = {isa = PBXFileReference; lastKnownFileType = wrapper.framework; name = Foundation.framework; path = System/Library/Frameworks/Foundation.framework; sourceTree = SDKROOT; };
		1D371CA02486446B10F0D459 /* cexport.h */ = {isa = PBXFileReference; explicitFileType = sourcecode.c.h; fileEncoding = 30; name = cexport.h; path = ../../addons/ofxAssimpModelLoader/libs/assimp/include/assimp/cexport.h; sourceTree = SOURCE_ROOT; };
		1D6058910D05DD3D006BFB54 /* BrainFu_k.app */ = {isa = PBXFileReference; explicitFileType = wrapper.application; includeInIndex = 0; path = BrainFu_k.app; sourceTree = BUILT_PRODUCTS_DIR; };
		1DF5F4DF0D08C38300B7A737 /* UIKit.framework */ = {isa = PBXFileReference; lastKnownFileType = wrapper.framework; name = UIKit.framework; path = System/Library/Frameworks/UIKit.framework; sourceTree = SDKROOT; };
		288765FC0DF74451002DB57D /* CoreGraphics.framework */ = {isa = PBXFileReference; lastKnownFileType = wrapper.framework; name = CoreGraphics.framework; path = System/Library/Frameworks/CoreGraphics.framework; sourceTree = SDKROOT; };
		28BB671FAE846D1979E878D2 /* UdpSocket.cpp */ = {isa = PBXFileReference; explicitFileType = sourcecode.cpp.cpp; fileEncoding = 30; name = UdpSocket.cpp; path = ../../addons/ofxOsc/libs/oscpack/src/ip/posix/UdpSocket.cpp; sourceTree = SOURCE_ROOT; };
		32CA4F630368D1EE00C91783 /* ofxiOS_Prefix.pch */ = {isa = PBXFileReference; fileEncoding = 4; lastKnownFileType = sourcecode.c.h; path = ofxiOS_Prefix.pch; sourceTree = "<group>"; };
		36EB9135C033C0B600975AD6 /* ofxAssimpModelLoader.h */ = {isa = PBXFileReference; explicitFileType = sourcecode.c.h; fileEncoding = 30; name = ofxAssimpModelLoader.h; path = ../../addons/ofxAssimpModelLoader/src/ofxAssimpModelLoader.h; sourceTree = SOURCE_ROOT; };
		3B55723F27EAD8859CBAA6F7 /* MessageMappingOscPacketListener.h */ = {isa = PBXFileReference; explicitFileType = sourcecode.c.h; fileEncoding = 30; name = MessageMappingOscPacketListener.h; path = ../../addons/ofxOsc/libs/oscpack/src/osc/MessageMappingOscPacketListener.h; sourceTree = SOURCE_ROOT; };
		3E0F10E10AB43DDC035DF087 /* UdpSocket.h */ = {isa = PBXFileReference; explicitFileType = sourcecode.c.h; fileEncoding = 30; name = UdpSocket.h; path = ../../addons/ofxOsc/libs/oscpack/src/ip/UdpSocket.h; sourceTree = SOURCE_ROOT; };
		4022FF071CA1A3876BA2A851 /* OscException.h */ = {isa = PBXFileReference; explicitFileType = sourcecode.c.h; fileEncoding = 30; name = OscException.h; path = ../../addons/ofxOsc/libs/oscpack/src/osc/OscException.h; sourceTree = SOURCE_ROOT; };
		4A683D3AC5ABB7C0A89E2756 /* matrix3x3.h */ = {isa = PBXFileReference; explicitFileType = sourcecode.c.h; fileEncoding = 30; name = matrix3x3.h; path = ../../addons/ofxAssimpModelLoader/libs/assimp/include/assimp/matrix3x3.h; sourceTree = SOURCE_ROOT; };
		4E3BAD8330F2B99983500DBA /* camera.h */ = {isa = PBXFileReference; explicitFileType = sourcecode.c.h; fileEncoding = 30; name = camera.h; path = ../../addons/ofxAssimpModelLoader/libs/assimp/include/assimp/camera.h; sourceTree = SOURCE_ROOT; };
		4F391C9D0C1047F7AF187430 /* IpEndpointName.h */ = {isa = PBXFileReference; explicitFileType = sourcecode.c.h; fileEncoding = 30; name = IpEndpointName.h; path = ../../addons/ofxOsc/libs/oscpack/src/ip/IpEndpointName.h; sourceTree = SOURCE_ROOT; };
		5145C40ED9786E45CB03892C /* texture.h */ = {isa = PBXFileReference; explicitFileType = sourcecode.c.h; fileEncoding = 30; name = texture.h; path = ../../addons/ofxAssimpModelLoader/libs/assimp/include/assimp/texture.h; sourceTree = SOURCE_ROOT; };
		5326AEA710A23A0500278DE6 /* CoreLocation.framework */ = {isa = PBXFileReference; lastKnownFileType = wrapper.framework; name = CoreLocation.framework; path = System/Library/Frameworks/CoreLocation.framework; sourceTree = SDKROOT; };
		53F323EA10A20EDB00E0DAE4 /* OpenAL.framework */ = {isa = PBXFileReference; lastKnownFileType = wrapper.framework; name = OpenAL.framework; path = System/Library/Frameworks/OpenAL.framework; sourceTree = SDKROOT; };
		567DD3A7E605E72DD7BB731A /* quaternion.h */ = {isa = PBXFileReference; explicitFileType = sourcecode.c.h; fileEncoding = 30; name = quaternion.h; path = ../../addons/ofxAssimpModelLoader/libs/assimp/include/assimp/quaternion.h; sourceTree = SOURCE_ROOT; };
		5775230A60D23E29630F35FF /* matrix4x4.h */ = {isa = PBXFileReference; explicitFileType = sourcecode.c.h; fileEncoding = 30; name = matrix4x4.h; path = ../../addons/ofxAssimpModelLoader/libs/assimp/include/assimp/matrix4x4.h; sourceTree = SOURCE_ROOT; };
		5B8BF5C5346E076713B63C3F /* version.h */ = {isa = PBXFileReference; explicitFileType = sourcecode.c.h; fileEncoding = 30; name = version.h; path = ../../addons/ofxAssimpModelLoader/libs/assimp/include/assimp/version.h; sourceTree = SOURCE_ROOT; };
		5FA883D3B0A93BFE47D37912 /* ProgressHandler.hpp */ = {isa = PBXFileReference; explicitFileType = sourcecode.c.h; fileEncoding = 30; name = ProgressHandler.hpp; path = ../../addons/ofxAssimpModelLoader/libs/assimp/include/assimp/ProgressHandler.hpp; sourceTree = SOURCE_ROOT; };
		5FB66CE091A2394A55FBBD68 /* light.h */ = {isa = PBXFileReference; explicitFileType = sourcecode.c.h; fileEncoding = 30; name = light.h; path = ../../addons/ofxAssimpModelLoader/libs/assimp/include/assimp/light.h; sourceTree = SOURCE_ROOT; };
		673AFCBC7323D2A93120A7A2 /* ofxOscBundle.cpp */ = {isa = PBXFileReference; explicitFileType = sourcecode.cpp.cpp; fileEncoding = 30; name = ofxOscBundle.cpp; path = ../../addons/ofxOsc/src/ofxOscBundle.cpp; sourceTree = SOURCE_ROOT; };
		678E130717951530005B6D19 /* Icon@2x.png */ = {isa = PBXFileReference; lastKnownFileType = image.png; name = "Icon@2x.png"; path = "bin/data/Icon@2x.png"; sourceTree = "<group>"; };
		678E130917951536005B6D19 /* Icon.png */ = {isa = PBXFileReference; lastKnownFileType = image.png; name = Icon.png; path = bin/data/Icon.png; sourceTree = "<group>"; };
		678E130B1795153C005B6D19 /* Default.png */ = {isa = PBXFileReference; lastKnownFileType = image.png; name = Default.png; path = bin/data/Default.png; sourceTree = "<group>"; };
		678E130D17951540005B6D19 /* Default@2x.png */ = {isa = PBXFileReference; lastKnownFileType = image.png; name = "Default@2x.png"; path = "bin/data/Default@2x.png"; sourceTree = "<group>"; };
		678E130F17951549005B6D19 /* Default-568h@2x~iphone.png */ = {isa = PBXFileReference; lastKnownFileType = image.png; name = "Default-568h@2x~iphone.png"; path = "bin/data/Default-568h@2x~iphone.png"; sourceTree = "<group>"; };
		67DFA53419F92A5E003B3434 /* Accelerate.framework */ = {isa = PBXFileReference; lastKnownFileType = wrapper.framework; name = Accelerate.framework; path = System/Library/Frameworks/Accelerate.framework; sourceTree = SDKROOT; };
		6EE05DD94DAD5D94142391A8 /* IpEndpointName.cpp */ = {isa = PBXFileReference; explicitFileType = sourcecode.cpp.cpp; fileEncoding = 30; name = IpEndpointName.cpp; path = ../../addons/ofxOsc/libs/oscpack/src/ip/IpEndpointName.cpp; sourceTree = SOURCE_ROOT; };
		6F51180DF61F7A167A205F7F /* ofxAssimpTexture.h */ = {isa = PBXFileReference; explicitFileType = sourcecode.c.h; fileEncoding = 30; name = ofxAssimpTexture.h; path = ../../addons/ofxAssimpModelLoader/src/ofxAssimpTexture.h; sourceTree = SOURCE_ROOT; };
		72997B4ED27CC0FE79BC6DA2 /* vector3.h */ = {isa = PBXFileReference; explicitFileType = sourcecode.c.h; fileEncoding = 30; name = vector3.h; path = ../../addons/ofxAssimpModelLoader/libs/assimp/include/assimp/vector3.h; sourceTree = SOURCE_ROOT; };
		72D4615B3AB82B37F87B9AD7 /* ofxOsc.h */ = {isa = PBXFileReference; explicitFileType = sourcecode.c.h; fileEncoding = 30; name = ofxOsc.h; path = ../../addons/ofxOsc/src/ofxOsc.h; sourceTree = SOURCE_ROOT; };
		761187B79650BEF7EB3BE077 /* cfileio.h */ = {isa = PBXFileReference; explicitFileType = sourcecode.c.h; fileEncoding = 30; name = cfileio.h; path = ../../addons/ofxAssimpModelLoader/libs/assimp/include/assimp/cfileio.h; sourceTree = SOURCE_ROOT; };
		798379B5500CA5F7564887DA /* OscReceivedElements.h */ = {isa = PBXFileReference; explicitFileType = sourcecode.c.h; fileEncoding = 30; name = OscReceivedElements.h; path = ../../addons/ofxOsc/libs/oscpack/src/osc/OscReceivedElements.h; sourceTree = SOURCE_ROOT; };
		7B1ED09E8678AF43B9848BC4 /* Exporter.hpp */ = {isa = PBXFileReference; explicitFileType = sourcecode.c.h; fileEncoding = 30; name = Exporter.hpp; path = ../../addons/ofxAssimpModelLoader/libs/assimp/include/assimp/Exporter.hpp; sourceTree = SOURCE_ROOT; };
		7B2BAA0F221902291E676F45 /* ofxOscSender.cpp */ = {isa = PBXFileReference; explicitFileType = sourcecode.cpp.cpp; fileEncoding = 30; name = ofxOscSender.cpp; path = ../../addons/ofxOsc/src/ofxOscSender.cpp; sourceTree = SOURCE_ROOT; };
		7CBA84EC033A6A497D5C8CAB /* pushpack1.h */ = {isa = PBXFileReference; explicitFileType = sourcecode.c.h; fileEncoding = 30; name = pushpack1.h; path = ../../addons/ofxAssimpModelLoader/libs/assimp/include/assimp/Compiler/pushpack1.h; sourceTree = SOURCE_ROOT; };
		7FEE44A383F2C626487BF0D6 /* color4.h */ = {isa = PBXFileReference; explicitFileType = sourcecode.c.h; fileEncoding = 30; name = color4.h; path = ../../addons/ofxAssimpModelLoader/libs/assimp/include/assimp/color4.h; sourceTree = SOURCE_ROOT; };
		80BC1EC114ACF0E97797A741 /* metadata.h */ = {isa = PBXFileReference; explicitFileType = sourcecode.c.h; fileEncoding = 30; name = metadata.h; path = ../../addons/ofxAssimpModelLoader/libs/assimp/include/assimp/metadata.h; sourceTree = SOURCE_ROOT; };
		817BCFE97701A9F3ACE0F34D /* mesh.h */ = {isa = PBXFileReference; explicitFileType = sourcecode.c.h; fileEncoding = 30; name = mesh.h; path = ../../addons/ofxAssimpModelLoader/libs/assimp/include/assimp/mesh.h; sourceTree = SOURCE_ROOT; };
		842C081DBEA090E7F737DF9A /* OscOutboundPacketStream.cpp */ = {isa = PBXFileReference; explicitFileType = sourcecode.cpp.cpp; fileEncoding = 30; name = OscOutboundPacketStream.cpp; path = ../../addons/ofxOsc/libs/oscpack/src/osc/OscOutboundPacketStream.cpp; sourceTree = SOURCE_ROOT; };
		8459ADDE9BE295D9680AD4EC /* PacketListener.h */ = {isa = PBXFileReference; explicitFileType = sourcecode.c.h; fileEncoding = 30; name = PacketListener.h; path = ../../addons/ofxOsc/libs/oscpack/src/ip/PacketListener.h; sourceTree = SOURCE_ROOT; };
		89914316FC84CE78CB901931 /* anim.h */ = {isa = PBXFileReference; explicitFileType = sourcecode.c.h; fileEncoding = 30; name = anim.h; path = ../../addons/ofxAssimpModelLoader/libs/assimp/include/assimp/anim.h; sourceTree = SOURCE_ROOT; };
		8A844876A71DBD7546201CC6 /* ofxOscMessage.cpp */ = {isa = PBXFileReference; explicitFileType = sourcecode.cpp.cpp; fileEncoding = 30; name = ofxOscMessage.cpp; path = ../../addons/ofxOsc/src/ofxOscMessage.cpp; sourceTree = SOURCE_ROOT; };
		8C0215FD4B5831FD7F3F4B11 /* OscPrintReceivedElements.h */ = {isa = PBXFileReference; explicitFileType = sourcecode.c.h; fileEncoding = 30; name = OscPrintReceivedElements.h; path = ../../addons/ofxOsc/libs/oscpack/src/osc/OscPrintReceivedElements.h; sourceTree = SOURCE_ROOT; };
		8DBE301D588E54A6289064C4 /* ofxAssimpAnimation.h */ = {isa = PBXFileReference; explicitFileType = sourcecode.c.h; fileEncoding = 30; name = ofxAssimpAnimation.h; path = ../../addons/ofxAssimpModelLoader/src/ofxAssimpAnimation.h; sourceTree = SOURCE_ROOT; };
		95D5FA1F652F28E085D448F8 /* scene.h */ = {isa = PBXFileReference; explicitFileType = sourcecode.c.h; fileEncoding = 30; name = scene.h; path = ../../addons/ofxAssimpModelLoader/libs/assimp/include/assimp/scene.h; sourceTree = SOURCE_ROOT; };
		9E8C3FB74CE065668FFE36A8 /* ofxAssimpModelLoader.cpp */ = {isa = PBXFileReference; explicitFileType = sourcecode.cpp.cpp; fileEncoding = 30; name = ofxAssimpModelLoader.cpp; path = ../../addons/ofxAssimpModelLoader/src/ofxAssimpModelLoader.cpp; sourceTree = SOURCE_ROOT; };
		9EA710687A480F98DDABF393 /* OscHostEndianness.h */ = {isa = PBXFileReference; explicitFileType = sourcecode.c.h; fileEncoding = 30; name = OscHostEndianness.h; path = ../../addons/ofxOsc/libs/oscpack/src/osc/OscHostEndianness.h; sourceTree = SOURCE_ROOT; };
		A232DC49511DE52D0EC6AAE3 /* ofxAssimpTexture.cpp */ = {isa = PBXFileReference; explicitFileType = sourcecode.cpp.cpp; fileEncoding = 30; name = ofxAssimpTexture.cpp; path = ../../addons/ofxAssimpModelLoader/src/ofxAssimpTexture.cpp; sourceTree = SOURCE_ROOT; };
		A3962704A10206FCA4A60A61 /* ofxAssimpAnimation.cpp */ = {isa = PBXFileReference; explicitFileType = sourcecode.cpp.cpp; fileEncoding = 30; name = ofxAssimpAnimation.cpp; path = ../../addons/ofxAssimpModelLoader/src/ofxAssimpAnimation.cpp; sourceTree = SOURCE_ROOT; };
		ABFFBA79CC28E7A1A34B4F38 /* DefaultLogger.hpp */ = {isa = PBXFileReference; explicitFileType = sourcecode.c.h; fileEncoding = 30; name = DefaultLogger.hpp; path = ../../addons/ofxAssimpModelLoader/libs/assimp/include/assimp/DefaultLogger.hpp; sourceTree = SOURCE_ROOT; };
		AC48EDC038E313154F0A3CEC /* ofxOscReceiver.h */ = {isa = PBXFileReference; explicitFileType = sourcecode.c.h; fileEncoding = 30; name = ofxOscReceiver.h; path = ../../addons/ofxOsc/src/ofxOscReceiver.h; sourceTree = SOURCE_ROOT; };
		ACBFC30D00C04E86C8464ADE /* ofxOscParameterSync.cpp */ = {isa = PBXFileReference; explicitFileType = sourcecode.cpp.cpp; fileEncoding = 30; name = ofxOscParameterSync.cpp; path = ../../addons/ofxOsc/src/ofxOscParameterSync.cpp; sourceTree = SOURCE_ROOT; };
		AD0216BF26CD893E2E0F744F /* NetworkingUtils.h */ = {isa = PBXFileReference; explicitFileType = sourcecode.c.h; fileEncoding = 30; name = NetworkingUtils.h; path = ../../addons/ofxOsc/libs/oscpack/src/ip/NetworkingUtils.h; sourceTree = SOURCE_ROOT; };
		B34D2935437BD95ED6DA2A59 /* ofxOscReceiver.cpp */ = {isa = PBXFileReference; explicitFileType = sourcecode.cpp.cpp; fileEncoding = 30; name = ofxOscReceiver.cpp; path = ../../addons/ofxOsc/src/ofxOscReceiver.cpp; sourceTree = SOURCE_ROOT; };
		B9C7FF1F92410A20DA9CE579 /* NullLogger.hpp */ = {isa = PBXFileReference; explicitFileType = sourcecode.c.h; fileEncoding = 30; name = NullLogger.hpp; path = ../../addons/ofxAssimpModelLoader/libs/assimp/include/assimp/NullLogger.hpp; sourceTree = SOURCE_ROOT; };
		BA90016CE138369172559774 /* ofxOscBundle.h */ = {isa = PBXFileReference; explicitFileType = sourcecode.c.h; fileEncoding = 30; name = ofxOscBundle.h; path = ../../addons/ofxOsc/src/ofxOscBundle.h; sourceTree = SOURCE_ROOT; };
		BB16EBD10F2B2A9500518274 /* OpenGLES.framework */ = {isa = PBXFileReference; lastKnownFileType = wrapper.framework; name = OpenGLES.framework; path = System/Library/Frameworks/OpenGLES.framework; sourceTree = SDKROOT; };
		BB16EBD80F2B2AB500518274 /* QuartzCore.framework */ = {isa = PBXFileReference; lastKnownFileType = wrapper.framework; name = QuartzCore.framework; path = System/Library/Frameworks/QuartzCore.framework; sourceTree = SDKROOT; };
		BB24DDC910DA781C00E9C588 /* ofxiOS-Info.plist */ = {isa = PBXFileReference; fileEncoding = 4; lastKnownFileType = text.plist.xml; path = "ofxiOS-Info.plist"; sourceTree = "<group>"; };
		BBE5EAB70F49AD8400F28951 /* AudioToolbox.framework */ = {isa = PBXFileReference; lastKnownFileType = wrapper.framework; name = AudioToolbox.framework; path = System/Library/Frameworks/AudioToolbox.framework; sourceTree = SDKROOT; };
		C0F4C78BD1C16550A3ABE5C4 /* ai_assert.h */ = {isa = PBXFileReference; explicitFileType = sourcecode.c.h; fileEncoding = 30; name = ai_assert.h; path = ../../addons/ofxAssimpModelLoader/libs/assimp/include/assimp/ai_assert.h; sourceTree = SOURCE_ROOT; };
		C0FF70300F4BCD9ED72D249B /* OscPacketListener.h */ = {isa = PBXFileReference; explicitFileType = sourcecode.c.h; fileEncoding = 30; name = OscPacketListener.h; path = ../../addons/ofxOsc/libs/oscpack/src/osc/OscPacketListener.h; sourceTree = SOURCE_ROOT; };
		C529D43984024AF697ABF518 /* OscPrintReceivedElements.cpp */ = {isa = PBXFileReference; explicitFileType = sourcecode.cpp.cpp; fileEncoding = 30; name = OscPrintReceivedElements.cpp; path = ../../addons/ofxOsc/libs/oscpack/src/osc/OscPrintReceivedElements.cpp; sourceTree = SOURCE_ROOT; };
		C7EAF0CABE4A9942760C2B49 /* ofxAssimpUtils.h */ = {isa = PBXFileReference; explicitFileType = sourcecode.c.h; fileEncoding = 30; name = ofxAssimpUtils.h; path = ../../addons/ofxAssimpModelLoader/src/ofxAssimpUtils.h; sourceTree = SOURCE_ROOT; };
		CA6162323A0260287310C9EB /* postprocess.h */ = {isa = PBXFileReference; explicitFileType = sourcecode.c.h; fileEncoding = 30; name = postprocess.h; path = ../../addons/ofxAssimpModelLoader/libs/assimp/include/assimp/postprocess.h; sourceTree = SOURCE_ROOT; };
		D03FA84ABF6509F700D01C1E /* ofxAssimpMeshHelper.h */ = {isa = PBXFileReference; explicitFileType = sourcecode.c.h; fileEncoding = 30; name = ofxAssimpMeshHelper.h; path = ../../addons/ofxAssimpModelLoader/src/ofxAssimpMeshHelper.h; sourceTree = SOURCE_ROOT; };
		D4464072C028D441EDF53B03 /* poppack1.h */ = {isa = PBXFileReference; explicitFileType = sourcecode.c.h; fileEncoding = 30; name = poppack1.h; path = ../../addons/ofxAssimpModelLoader/libs/assimp/include/assimp/Compiler/poppack1.h; sourceTree = SOURCE_ROOT; };
		D9EDF8E36D463CA5321AC888 /* IOStream.hpp */ = {isa = PBXFileReference; explicitFileType = sourcecode.c.h; fileEncoding = 30; name = IOStream.hpp; path = ../../addons/ofxAssimpModelLoader/libs/assimp/include/assimp/IOStream.hpp; sourceTree = SOURCE_ROOT; };
		DB71BEB7BE9F0E2C1807C252 /* vector2.h */ = {isa = PBXFileReference; explicitFileType = sourcecode.c.h; fileEncoding = 30; name = vector2.h; path = ../../addons/ofxAssimpModelLoader/libs/assimp/include/assimp/vector2.h; sourceTree = SOURCE_ROOT; };
		DD97E0D0C6892D7EE96FF073 /* LogStream.hpp */ = {isa = PBXFileReference; explicitFileType = sourcecode.c.h; fileEncoding = 30; name = LogStream.hpp; path = ../../addons/ofxAssimpModelLoader/libs/assimp/include/assimp/LogStream.hpp; sourceTree = SOURCE_ROOT; };
		DF354C691EEE9F314CC31547 /* OscOutboundPacketStream.h */ = {isa = PBXFileReference; explicitFileType = sourcecode.c.h; fileEncoding = 30; name = OscOutboundPacketStream.h; path = ../../addons/ofxOsc/libs/oscpack/src/osc/OscOutboundPacketStream.h; sourceTree = SOURCE_ROOT; };
		E052918C0EC4FBCE8257AA14 /* Importer.hpp */ = {isa = PBXFileReference; explicitFileType = sourcecode.c.h; fileEncoding = 30; name = Importer.hpp; path = ../../addons/ofxAssimpModelLoader/libs/assimp/include/assimp/Importer.hpp; sourceTree = SOURCE_ROOT; };
		E41D3ED613B38FB500A75A5D /* Project.xcconfig */ = {isa = PBXFileReference; fileEncoding = 4; lastKnownFileType = text.xcconfig; path = Project.xcconfig; sourceTree = "<group>"; };
		E41D3EE513B3906D00A75A5D /* CoreOF.xcconfig */ = {isa = PBXFileReference; fileEncoding = 4; lastKnownFileType = text.xcconfig; name = CoreOF.xcconfig; path = ../../libs/openFrameworksCompiled/project/ios/CoreOF.xcconfig; sourceTree = SOURCE_ROOT; };
		E41D400613B39D2100A75A5D /* AVFoundation.framework */ = {isa = PBXFileReference; lastKnownFileType = wrapper.framework; name = AVFoundation.framework; path = System/Library/Frameworks/AVFoundation.framework; sourceTree = SDKROOT; };
		E41D400713B39D2100A75A5D /* CoreMedia.framework */ = {isa = PBXFileReference; lastKnownFileType = wrapper.framework; name = CoreMedia.framework; path = System/Library/Frameworks/CoreMedia.framework; sourceTree = SDKROOT; };
		E41D400813B39D2100A75A5D /* CoreVideo.framework */ = {isa = PBXFileReference; lastKnownFileType = wrapper.framework; name = CoreVideo.framework; path = System/Library/Frameworks/CoreVideo.framework; sourceTree = SDKROOT; };
		E41D400913B39D2100A75A5D /* MapKit.framework */ = {isa = PBXFileReference; lastKnownFileType = wrapper.framework; name = MapKit.framework; path = System/Library/Frameworks/MapKit.framework; sourceTree = SDKROOT; };
		E41D40FD13B3A0D800A75A5D /* iOS+OFLib.xcodeproj */ = {isa = PBXFileReference; lastKnownFileType = "wrapper.pb-project"; name = "iOS+OFLib.xcodeproj"; path = "../../libs/openFrameworksCompiled/project/ios/iOS+OFLib.xcodeproj"; sourceTree = SOURCE_ROOT; };
		E4A823A312561BE3002F86A2 /* CoreGraphics.framework */ = {isa = PBXFileReference; lastKnownFileType = wrapper.framework; name = CoreGraphics.framework; path = System/Library/Frameworks/CoreGraphics.framework; sourceTree = SDKROOT; };
		E4D8936B11527B74007E1F53 /* main.mm */ = {isa = PBXFileReference; fileEncoding = 4; lastKnownFileType = sourcecode.cpp.objcpp; name = main.mm; path = src/main.mm; sourceTree = SOURCE_ROOT; };
		E4D8936C11527B74007E1F53 /* ofApp.h */ = {isa = PBXFileReference; fileEncoding = 4; lastKnownFileType = sourcecode.c.h; name = ofApp.h; path = src/ofApp.h; sourceTree = SOURCE_ROOT; };
		E4D8936D11527B74007E1F53 /* ofApp.mm */ = {isa = PBXFileReference; fileEncoding = 4; lastKnownFileType = sourcecode.cpp.objcpp; name = ofApp.mm; path = src/ofApp.mm; sourceTree = SOURCE_ROOT; };
		E9F88CD42BB044F2266BD3B6 /* OscTypes.h */ = {isa = PBXFileReference; explicitFileType = sourcecode.c.h; fileEncoding = 30; name = OscTypes.h; path = ../../addons/ofxOsc/libs/oscpack/src/osc/OscTypes.h; sourceTree = SOURCE_ROOT; };
		EA2250CE1F54F50000967D48 /* BrainController.cpp */ = {isa = PBXFileReference; fileEncoding = 4; lastKnownFileType = sourcecode.cpp.cpp; path = BrainController.cpp; sourceTree = "<group>"; };
		EA2250CF1F54F50000967D48 /* BrainController.hpp */ = {isa = PBXFileReference; fileEncoding = 4; lastKnownFileType = sourcecode.cpp.h; path = BrainController.hpp; sourceTree = "<group>"; };
		EA2250D01F54F50000967D48 /* ofDecomposeModel.cpp */ = {isa = PBXFileReference; fileEncoding = 4; lastKnownFileType = sourcecode.cpp.cpp; path = ofDecomposeModel.cpp; sourceTree = "<group>"; };
		EA2250D11F54F50000967D48 /* ofDecomposeModel.hpp */ = {isa = PBXFileReference; fileEncoding = 4; lastKnownFileType = sourcecode.cpp.h; path = ofDecomposeModel.hpp; sourceTree = "<group>"; };
		EA2250D21F54F50000967D48 /* OSCManager.cpp */ = {isa = PBXFileReference; fileEncoding = 4; lastKnownFileType = sourcecode.cpp.cpp; path = OSCManager.cpp; sourceTree = "<group>"; };
		EA2250D31F54F50000967D48 /* OSCManager.hpp */ = {isa = PBXFileReference; fileEncoding = 4; lastKnownFileType = sourcecode.cpp.h; path = OSCManager.hpp; sourceTree = "<group>"; };
		EA2250DA1F55072A00967D48 /* BrainModelData.h */ = {isa = PBXFileReference; lastKnownFileType = sourcecode.c.h; path = BrainModelData.h; sourceTree = "<group>"; };
		EA2250DB1F55081B00967D48 /* BrainModelData.cpp */ = {isa = PBXFileReference; fileEncoding = 4; lastKnownFileType = sourcecode.cpp.cpp; path = BrainModelData.cpp; sourceTree = "<group>"; };
		EAFA8681058B5F1F30BFFD60 /* ofxOscArg.h */ = {isa = PBXFileReference; explicitFileType = sourcecode.c.h; fileEncoding = 30; name = ofxOscArg.h; path = ../../addons/ofxOsc/src/ofxOscArg.h; sourceTree = SOURCE_ROOT; };
		EC3AD9545B31A870BF84CE63 /* Logger.hpp */ = {isa = PBXFileReference; explicitFileType = sourcecode.c.h; fileEncoding = 30; name = Logger.hpp; path = ../../addons/ofxAssimpModelLoader/libs/assimp/include/assimp/Logger.hpp; sourceTree = SOURCE_ROOT; };
		F20DB77CFF47D59CAFCDF1DE /* ofxOscSender.h */ = {isa = PBXFileReference; explicitFileType = sourcecode.c.h; fileEncoding = 30; name = ofxOscSender.h; path = ../../addons/ofxOsc/src/ofxOscSender.h; sourceTree = SOURCE_ROOT; };
		F4BD06A976C341C1B8F0E0BB /* defs.h */ = {isa = PBXFileReference; explicitFileType = sourcecode.c.h; fileEncoding = 30; name = defs.h; path = ../../addons/ofxAssimpModelLoader/libs/assimp/include/assimp/defs.h; sourceTree = SOURCE_ROOT; };
		F72D5263CF8609CF22E13BD6 /* NetworkingUtils.cpp */ = {isa = PBXFileReference; explicitFileType = sourcecode.cpp.cpp; fileEncoding = 30; name = NetworkingUtils.cpp; path = ../../addons/ofxOsc/libs/oscpack/src/ip/posix/NetworkingUtils.cpp; sourceTree = SOURCE_ROOT; };
		F82418C7F3B08EF672D6F853 /* cimport.h */ = {isa = PBXFileReference; explicitFileType = sourcecode.c.h; fileEncoding = 30; name = cimport.h; path = ../../addons/ofxAssimpModelLoader/libs/assimp/include/assimp/cimport.h; sourceTree = SOURCE_ROOT; };
		FE1F55C3405276873C3D9EDF /* importerdesc.h */ = {isa = PBXFileReference; explicitFileType = sourcecode.c.h; fileEncoding = 30; name = importerdesc.h; path = ../../addons/ofxAssimpModelLoader/libs/assimp/include/assimp/importerdesc.h; sourceTree = SOURCE_ROOT; };
		FE6EB7A9C21C6431726F001C /* ofxOscMessage.h */ = {isa = PBXFileReference; explicitFileType = sourcecode.c.h; fileEncoding = 30; name = ofxOscMessage.h; path = ../../addons/ofxOsc/src/ofxOscMessage.h; sourceTree = SOURCE_ROOT; };
/* End PBXFileReference section */

/* Begin PBXFrameworksBuildPhase section */
		1D60588F0D05DD3D006BFB54 /* Frameworks */ = {
			isa = PBXFrameworksBuildPhase;
			buildActionMask = 2147483647;
			files = (
				E41D421413B3A95300A75A5D /* libofxiOS_iphoneos_Debug.a in Frameworks */,
				1D60589F0D05DD5A006BFB54 /* Foundation.framework in Frameworks */,
				1DF5F4E00D08C38300B7A737 /* UIKit.framework in Frameworks */,
				288765FD0DF74451002DB57D /* CoreGraphics.framework in Frameworks */,
				BB16EBD20F2B2A9500518274 /* OpenGLES.framework in Frameworks */,
				BB16EBD90F2B2AB500518274 /* QuartzCore.framework in Frameworks */,
				BBE5EAB80F49AD8400F28951 /* AudioToolbox.framework in Frameworks */,
				53F323EB10A20EDB00E0DAE4 /* OpenAL.framework in Frameworks */,
				5326AEA810A23A0500278DE6 /* CoreLocation.framework in Frameworks */,
				E41D400B13B39D2100A75A5D /* AVFoundation.framework in Frameworks */,
				E41D400C13B39D2100A75A5D /* CoreMedia.framework in Frameworks */,
				E41D400D13B39D2100A75A5D /* CoreVideo.framework in Frameworks */,
				E41D400E13B39D2100A75A5D /* MapKit.framework in Frameworks */,
				67DFA53619F92A69003B3434 /* Accelerate.framework in Frameworks */,
			);
			runOnlyForDeploymentPostprocessing = 0;
		};
/* End PBXFrameworksBuildPhase section */

/* Begin PBXGroup section */
		19C28FACFE9D520D11CA2CBB /* Products */ = {
			isa = PBXGroup;
			children = (
				1D6058910D05DD3D006BFB54 /* BrainFu_k.app */,
			);
			name = Products;
			sourceTree = "<group>";
		};
		29B97314FDCFA39411CA2CEA /* CustomTemplate */ = {
			isa = PBXGroup;
			children = (
				678E130917951536005B6D19 /* Icon.png */,
				678E130717951530005B6D19 /* Icon@2x.png */,
				678E130B1795153C005B6D19 /* Default.png */,
				678E130D17951540005B6D19 /* Default@2x.png */,
				678E130F17951549005B6D19 /* Default-568h@2x~iphone.png */,
				E4D8936A11527B74007E1F53 /* src */,
				BB24E1F710DAA51900E9C588 /* openFrameworks */,
				BB16F26B0F2B646B00518274 /* addons */,
				BB16E9930F2B1E5900518274 /* libs */,
				19C28FACFE9D520D11CA2CBB /* Products */,
			);
			name = CustomTemplate;
			sourceTree = "<group>";
		};
		29B97323FDCFA39411CA2CEA /* core frameworks */ = {
			isa = PBXGroup;
			children = (
				E41D400613B39D2100A75A5D /* AVFoundation.framework */,
				E41D400713B39D2100A75A5D /* CoreMedia.framework */,
				E41D400813B39D2100A75A5D /* CoreVideo.framework */,
				E41D400913B39D2100A75A5D /* MapKit.framework */,
				53F323EA10A20EDB00E0DAE4 /* OpenAL.framework */,
				E4A823A312561BE3002F86A2 /* CoreGraphics.framework */,
				BBE5EAB70F49AD8400F28951 /* AudioToolbox.framework */,
				BB16EBD80F2B2AB500518274 /* QuartzCore.framework */,
				BB16EBD10F2B2A9500518274 /* OpenGLES.framework */,
				1DF5F4DF0D08C38300B7A737 /* UIKit.framework */,
				1D30AB110D05D00D00671497 /* Foundation.framework */,
				288765FC0DF74451002DB57D /* CoreGraphics.framework */,
				5326AEA710A23A0500278DE6 /* CoreLocation.framework */,
				67DFA53419F92A5E003B3434 /* Accelerate.framework */,
			);
			name = "core frameworks";
			sourceTree = "<group>";
		};
		2C8F245ACBE61E28646C17F2 /* ofxAssimpModelLoader */ = {
			isa = PBXGroup;
			children = (
				9D99F547CA5C0ECCB9EB9806 /* src */,
				C721A9AF1157766AFE54645E /* libs */,
			);
			name = ofxAssimpModelLoader;
			sourceTree = "<group>";
		};
		30CB364908817057B430D528 /* osc */ = {
			isa = PBXGroup;
			children = (
				3B55723F27EAD8859CBAA6F7 /* MessageMappingOscPacketListener.h */,
				4022FF071CA1A3876BA2A851 /* OscException.h */,
				9EA710687A480F98DDABF393 /* OscHostEndianness.h */,
				842C081DBEA090E7F737DF9A /* OscOutboundPacketStream.cpp */,
				DF354C691EEE9F314CC31547 /* OscOutboundPacketStream.h */,
				C0FF70300F4BCD9ED72D249B /* OscPacketListener.h */,
				C529D43984024AF697ABF518 /* OscPrintReceivedElements.cpp */,
				8C0215FD4B5831FD7F3F4B11 /* OscPrintReceivedElements.h */,
				01571FD18D74B633FA614437 /* OscReceivedElements.cpp */,
				798379B5500CA5F7564887DA /* OscReceivedElements.h */,
				0BF2C3D22217F4607658D67D /* OscTypes.cpp */,
				E9F88CD42BB044F2266BD3B6 /* OscTypes.h */,
			);
			name = osc;
			sourceTree = "<group>";
		};
		38871A5825686AE018EC2BF0 /* libs */ = {
			isa = PBXGroup;
			children = (
				86D2677079A3AF4A5A88E29A /* oscpack */,
			);
			name = libs;
			sourceTree = "<group>";
		};
		59905D957FDE48902CF1F729 /* assimp */ = {
			isa = PBXGroup;
			children = (
				EEFDD7AE0009AE6F77EF2A93 /* include */,
			);
			name = assimp;
			sourceTree = "<group>";
		};
		641362CA659FAFEE4E81001B /* posix */ = {
			isa = PBXGroup;
			children = (
				F72D5263CF8609CF22E13BD6 /* NetworkingUtils.cpp */,
				28BB671FAE846D1979E878D2 /* UdpSocket.cpp */,
			);
			name = posix;
			sourceTree = "<group>";
		};
		67AD613537D3ED7FD883659E /* assimp */ = {
			isa = PBXGroup;
			children = (
				C0F4C78BD1C16550A3ABE5C4 /* ai_assert.h */,
				89914316FC84CE78CB901931 /* anim.h */,
				4E3BAD8330F2B99983500DBA /* camera.h */,
				1D371CA02486446B10F0D459 /* cexport.h */,
				761187B79650BEF7EB3BE077 /* cfileio.h */,
				F82418C7F3B08EF672D6F853 /* cimport.h */,
				7FEE44A383F2C626487BF0D6 /* color4.h */,
				B77F1220F7C30BFF6034CC97 /* Compiler */,
				0E74906A7CCD6F75F1602E9C /* config.h */,
				ABFFBA79CC28E7A1A34B4F38 /* DefaultLogger.hpp */,
				F4BD06A976C341C1B8F0E0BB /* defs.h */,
				7B1ED09E8678AF43B9848BC4 /* Exporter.hpp */,
				E052918C0EC4FBCE8257AA14 /* Importer.hpp */,
				FE1F55C3405276873C3D9EDF /* importerdesc.h */,
				D9EDF8E36D463CA5321AC888 /* IOStream.hpp */,
				12349132C1E5383DE334BF5B /* IOSystem.hpp */,
				5FB66CE091A2394A55FBBD68 /* light.h */,
				EC3AD9545B31A870BF84CE63 /* Logger.hpp */,
				DD97E0D0C6892D7EE96FF073 /* LogStream.hpp */,
				019ECB46331A3CEA983C6A04 /* material.h */,
				4A683D3AC5ABB7C0A89E2756 /* matrix3x3.h */,
				5775230A60D23E29630F35FF /* matrix4x4.h */,
				817BCFE97701A9F3ACE0F34D /* mesh.h */,
				80BC1EC114ACF0E97797A741 /* metadata.h */,
				B9C7FF1F92410A20DA9CE579 /* NullLogger.hpp */,
				CA6162323A0260287310C9EB /* postprocess.h */,
				5FA883D3B0A93BFE47D37912 /* ProgressHandler.hpp */,
				567DD3A7E605E72DD7BB731A /* quaternion.h */,
				95D5FA1F652F28E085D448F8 /* scene.h */,
				5145C40ED9786E45CB03892C /* texture.h */,
				0E36A9D04F505F881E0B2125 /* types.h */,
				DB71BEB7BE9F0E2C1807C252 /* vector2.h */,
				72997B4ED27CC0FE79BC6DA2 /* vector3.h */,
				5B8BF5C5346E076713B63C3F /* version.h */,
			);
			name = assimp;
			sourceTree = "<group>";
		};
		6948EE371B920CB800B5AC1A /* local_addons */ = {
			isa = PBXGroup;
			children = (
			);
			name = local_addons;
			sourceTree = "<group>";
		};
		86D2677079A3AF4A5A88E29A /* oscpack */ = {
			isa = PBXGroup;
			children = (
				D27B2221A225CA523C019676 /* src */,
			);
			name = oscpack;
			sourceTree = "<group>";
		};
		9D99F547CA5C0ECCB9EB9806 /* src */ = {
			isa = PBXGroup;
			children = (
				A3962704A10206FCA4A60A61 /* ofxAssimpAnimation.cpp */,
				8DBE301D588E54A6289064C4 /* ofxAssimpAnimation.h */,
				061D82779EE254DB67CC3EEF /* ofxAssimpMeshHelper.cpp */,
				D03FA84ABF6509F700D01C1E /* ofxAssimpMeshHelper.h */,
				9E8C3FB74CE065668FFE36A8 /* ofxAssimpModelLoader.cpp */,
				36EB9135C033C0B600975AD6 /* ofxAssimpModelLoader.h */,
				A232DC49511DE52D0EC6AAE3 /* ofxAssimpTexture.cpp */,
				6F51180DF61F7A167A205F7F /* ofxAssimpTexture.h */,
				C7EAF0CABE4A9942760C2B49 /* ofxAssimpUtils.h */,
			);
			name = src;
			sourceTree = "<group>";
		};
		B77F1220F7C30BFF6034CC97 /* Compiler */ = {
			isa = PBXGroup;
			children = (
				D4464072C028D441EDF53B03 /* poppack1.h */,
				18FC62A98509C455653A6D55 /* pstdint.h */,
				7CBA84EC033A6A497D5C8CAB /* pushpack1.h */,
			);
			name = Compiler;
			sourceTree = "<group>";
		};
		BB16E9930F2B1E5900518274 /* libs */ = {
			isa = PBXGroup;
			children = (
				BBE5E94E0F497BD800F28951 /* core */,
			);
			name = libs;
			sourceTree = "<group>";
		};
		BB16F26B0F2B646B00518274 /* addons */ = {
			isa = PBXGroup;
			children = (
				2C8F245ACBE61E28646C17F2 /* ofxAssimpModelLoader */,
				E6053AB7FEC63D5F83825B88 /* ofxOsc */,
			);
			name = addons;
			sourceTree = "<group>";
		};
		BB24E1F710DAA51900E9C588 /* openFrameworks */ = {
			isa = PBXGroup;
			children = (
				E41D40FD13B3A0D800A75A5D /* iOS+OFLib.xcodeproj */,
				32CA4F630368D1EE00C91783 /* ofxiOS_Prefix.pch */,
				BB24DDC910DA781C00E9C588 /* ofxiOS-Info.plist */,
				E41D3EE513B3906D00A75A5D /* CoreOF.xcconfig */,
				6948EE371B920CB800B5AC1A /* local_addons */,
				E41D3ED613B38FB500A75A5D /* Project.xcconfig */,
			);
			name = openFrameworks;
			sourceTree = "<group>";
		};
		BBE5E94E0F497BD800F28951 /* core */ = {
			isa = PBXGroup;
			children = (
				29B97323FDCFA39411CA2CEA /* core frameworks */,
			);
			name = core;
			sourceTree = "<group>";
		};
		BD2F1A9F8D0C05EDB29122D0 /* src */ = {
			isa = PBXGroup;
			children = (
				72D4615B3AB82B37F87B9AD7 /* ofxOsc.h */,
				EAFA8681058B5F1F30BFFD60 /* ofxOscArg.h */,
				673AFCBC7323D2A93120A7A2 /* ofxOscBundle.cpp */,
				BA90016CE138369172559774 /* ofxOscBundle.h */,
				8A844876A71DBD7546201CC6 /* ofxOscMessage.cpp */,
				FE6EB7A9C21C6431726F001C /* ofxOscMessage.h */,
				ACBFC30D00C04E86C8464ADE /* ofxOscParameterSync.cpp */,
				100BF3DD9598682646FF5BD3 /* ofxOscParameterSync.h */,
				B34D2935437BD95ED6DA2A59 /* ofxOscReceiver.cpp */,
				AC48EDC038E313154F0A3CEC /* ofxOscReceiver.h */,
				7B2BAA0F221902291E676F45 /* ofxOscSender.cpp */,
				F20DB77CFF47D59CAFCDF1DE /* ofxOscSender.h */,
			);
			name = src;
			sourceTree = "<group>";
		};
		C721A9AF1157766AFE54645E /* libs */ = {
			isa = PBXGroup;
			children = (
				59905D957FDE48902CF1F729 /* assimp */,
			);
			name = libs;
			sourceTree = "<group>";
		};
		D27B2221A225CA523C019676 /* src */ = {
			isa = PBXGroup;
			children = (
				FF8CDF57858E9B94E3237115 /* ip */,
				30CB364908817057B430D528 /* osc */,
			);
			name = src;
			sourceTree = "<group>";
		};
		E41D40FE13B3A0D800A75A5D /* Products */ = {
			isa = PBXGroup;
			children = (
				E41D410213B3A0D800A75A5D /* libofxiOS_iphoneos_Debug.a */,
			);
			name = Products;
			sourceTree = "<group>";
		};
		E4D8936A11527B74007E1F53 /* src */ = {
			isa = PBXGroup;
			children = (
				E4D8936B11527B74007E1F53 /* main.mm */,
				E4D8936D11527B74007E1F53 /* ofApp.mm */,
				E4D8936C11527B74007E1F53 /* ofApp.h */,
				EA2250CE1F54F50000967D48 /* BrainController.cpp */,
				EA2250CF1F54F50000967D48 /* BrainController.hpp */,
				EA2250D01F54F50000967D48 /* ofDecomposeModel.cpp */,
				EA2250D11F54F50000967D48 /* ofDecomposeModel.hpp */,
				EA2250D21F54F50000967D48 /* OSCManager.cpp */,
				EA2250D31F54F50000967D48 /* OSCManager.hpp */,
				EA2250DA1F55072A00967D48 /* BrainModelData.h */,
				EA2250DB1F55081B00967D48 /* BrainModelData.cpp */,
			);
			path = src;
			sourceTree = SOURCE_ROOT;
		};
		E6053AB7FEC63D5F83825B88 /* ofxOsc */ = {
			isa = PBXGroup;
			children = (
				BD2F1A9F8D0C05EDB29122D0 /* src */,
				38871A5825686AE018EC2BF0 /* libs */,
			);
			name = ofxOsc;
			sourceTree = "<group>";
		};
		EEFDD7AE0009AE6F77EF2A93 /* include */ = {
			isa = PBXGroup;
			children = (
				67AD613537D3ED7FD883659E /* assimp */,
			);
			name = include;
			sourceTree = "<group>";
		};
		FF8CDF57858E9B94E3237115 /* ip */ = {
			isa = PBXGroup;
			children = (
				6EE05DD94DAD5D94142391A8 /* IpEndpointName.cpp */,
				4F391C9D0C1047F7AF187430 /* IpEndpointName.h */,
				AD0216BF26CD893E2E0F744F /* NetworkingUtils.h */,
				8459ADDE9BE295D9680AD4EC /* PacketListener.h */,
				641362CA659FAFEE4E81001B /* posix */,
				07240315F2210E6D0CA4BB3C /* TimerListener.h */,
				3E0F10E10AB43DDC035DF087 /* UdpSocket.h */,
			);
			name = ip;
			sourceTree = "<group>";
		};
/* End PBXGroup section */

/* Begin PBXNativeTarget section */
		1D6058900D05DD3D006BFB54 /* BrainFu_k */ = {
			isa = PBXNativeTarget;
			buildConfigurationList = 1D6058960D05DD3E006BFB54 /* Build configuration list for PBXNativeTarget "BrainFu_k" */;
			buildPhases = (
				1D60588D0D05DD3D006BFB54 /* Resources */,
				1D60588E0D05DD3D006BFB54 /* Sources */,
				1D60588F0D05DD3D006BFB54 /* Frameworks */,
				9255DD331112741900D6945E /* ShellScript */,
			);
			buildRules = (
			);
			dependencies = (
				E41D410413B3A11300A75A5D /* PBXTargetDependency */,
			);
			name = BrainFu_k;
			productName = iPhone;
			productReference = 1D6058910D05DD3D006BFB54 /* BrainFu_k.app */;
			productType = "com.apple.product-type.application";
		};
/* End PBXNativeTarget section */

/* Begin PBXProject section */
		29B97313FDCFA39411CA2CEA /* Project object */ = {
			isa = PBXProject;
			attributes = {
				LastUpgradeCheck = 0600;
				TargetAttributes = {
					1D6058900D05DD3D006BFB54 = {
						DevelopmentTeam = SPDC7HK97M;
					};
				};
			};
			buildConfigurationList = C01FCF4E08A954540054247B /* Build configuration list for PBXProject "BrainFu_k" */;
			compatibilityVersion = "Xcode 3.2";
			developmentRegion = English;
			hasScannedForEncodings = 1;
			knownRegions = (
				English,
				Japanese,
				French,
				German,
			);
			mainGroup = 29B97314FDCFA39411CA2CEA /* CustomTemplate */;
			projectDirPath = "";
			projectReferences = (
				{
					ProductGroup = E41D40FE13B3A0D800A75A5D /* Products */;
					ProjectRef = E41D40FD13B3A0D800A75A5D /* iOS+OFLib.xcodeproj */;
				},
			);
			projectRoot = "";
			targets = (
				1D6058900D05DD3D006BFB54 /* BrainFu_k */,
			);
		};
/* End PBXProject section */

/* Begin PBXReferenceProxy section */
		E41D410213B3A0D800A75A5D /* libofxiOS_iphoneos_Debug.a */ = {
			isa = PBXReferenceProxy;
			fileType = archive.ar;
			path = libofxiOS_iphoneos_Debug.a;
			remoteRef = E41D410113B3A0D800A75A5D /* PBXContainerItemProxy */;
			sourceTree = BUILT_PRODUCTS_DIR;
		};
/* End PBXReferenceProxy section */

/* Begin PBXResourcesBuildPhase section */
		1D60588D0D05DD3D006BFB54 /* Resources */ = {
			isa = PBXResourcesBuildPhase;
			buildActionMask = 2147483647;
			files = (
				678E130817951530005B6D19 /* Icon@2x.png in Resources */,
				678E130A17951536005B6D19 /* Icon.png in Resources */,
				678E130C1795153C005B6D19 /* Default.png in Resources */,
				678E130E17951540005B6D19 /* Default@2x.png in Resources */,
				678E131017951549005B6D19 /* Default-568h@2x~iphone.png in Resources */,
			);
			runOnlyForDeploymentPostprocessing = 0;
		};
/* End PBXResourcesBuildPhase section */

/* Begin PBXShellScriptBuildPhase section */
		9255DD331112741900D6945E /* ShellScript */ = {
			isa = PBXShellScriptBuildPhase;
			buildActionMask = 2147483647;
			files = (
			);
			inputPaths = (
			);
			outputPaths = (
			);
			runOnlyForDeploymentPostprocessing = 0;
			shellPath = /bin/sh;
			shellScript = "rsync -avz --exclude='.DS_Store' \"${SRCROOT}/bin/data/\" \"${TARGET_BUILD_DIR}/${UNLOCALIZED_RESOURCES_FOLDER_PATH}\"";
		};
/* End PBXShellScriptBuildPhase section */

/* Begin PBXSourcesBuildPhase section */
		1D60588E0D05DD3D006BFB54 /* Sources */ = {
			isa = PBXSourcesBuildPhase;
			buildActionMask = 2147483647;
			files = (
				E4D8936E11527B74007E1F53 /* main.mm in Sources */,
				E4D8936F11527B74007E1F53 /* ofApp.mm in Sources */,
				A8B8283198E49CA16FCF7123 /* ofxAssimpAnimation.cpp in Sources */,
				EA2250D61F54F50000967D48 /* OSCManager.cpp in Sources */,
				C46DA3F4F6B7C7522D9AF980 /* ofxAssimpMeshHelper.cpp in Sources */,
				EA2250D41F54F50000967D48 /* BrainController.cpp in Sources */,
				71A4F6BBEA51DEF95C3F5A32 /* ofxAssimpModelLoader.cpp in Sources */,
				233A0F02E9F68EDE691EA664 /* ofxAssimpTexture.cpp in Sources */,
				40F8E3F7627F83C74FD9086A /* ofxOscBundle.cpp in Sources */,
				6C503756DAFDCF2FEEE0EAA0 /* ofxOscMessage.cpp in Sources */,
				DBB73811B127DAE7DE28C895 /* ofxOscParameterSync.cpp in Sources */,
				6F2D739BB67B61B0D43AB5BD /* ofxOscReceiver.cpp in Sources */,
				866ACEB977FAB3191AD48906 /* ofxOscSender.cpp in Sources */,
				E717C5A73BE4076EDBC728DC /* IpEndpointName.cpp in Sources */,
				EA2250DC1F55081B00967D48 /* BrainModelData.cpp in Sources */,
				F0509CA2E805D1D5F70A87D0 /* NetworkingUtils.cpp in Sources */,
				EA2250D51F54F50000967D48 /* ofDecomposeModel.cpp in Sources */,
				C9651B24B869083F299EFA4D /* UdpSocket.cpp in Sources */,
				A857235EB7F8624F0C02D157 /* OscOutboundPacketStream.cpp in Sources */,
				9753D2F373BDF97B89D59B33 /* OscPrintReceivedElements.cpp in Sources */,
				F95B04FD042E7407B70EE321 /* OscReceivedElements.cpp in Sources */,
				014058944CFE6AE1A2171D12 /* OscTypes.cpp in Sources */,
			);
			runOnlyForDeploymentPostprocessing = 0;
		};
/* End PBXSourcesBuildPhase section */

/* Begin PBXTargetDependency section */
		E41D410413B3A11300A75A5D /* PBXTargetDependency */ = {
			isa = PBXTargetDependency;
			name = "iPhone+OF Static Library";
			targetProxy = E41D410313B3A11300A75A5D /* PBXContainerItemProxy */;
		};
/* End PBXTargetDependency section */

/* Begin XCBuildConfiguration section */
		1D6058940D05DD3E006BFB54 /* Debug */ = {
			isa = XCBuildConfiguration;
			buildSettings = {
				ALWAYS_SEARCH_USER_PATHS = NO;
				DEVELOPMENT_TEAM = SPDC7HK97M;
				GCC_PRECOMPILE_PREFIX_HEADER = YES;
				GCC_PREFIX_HEADER = ofxiOS_Prefix.pch;
				"GCC_WARN_64_TO_32_BIT_CONVERSION[arch=*64]" = NO;
				INFOPLIST_FILE = "ofxiOS-Info.plist";
				IPHONEOS_DEPLOYMENT_TARGET = 10.1;
				PRODUCT_BUNDLE_IDENTIFIER = "murawaki.BrainFu-k";
				PRODUCT_NAME = "${TARGET_NAME}";
				TARGETED_DEVICE_FAMILY = "1,2";
				VALID_ARCHS = "$(ARCHS_STANDARD)";
			};
			name = Debug;
		};
		1D6058950D05DD3E006BFB54 /* Release */ = {
			isa = XCBuildConfiguration;
			buildSettings = {
				DEVELOPMENT_TEAM = SPDC7HK97M;
				GCC_PRECOMPILE_PREFIX_HEADER = YES;
				GCC_PREFIX_HEADER = ofxiOS_Prefix.pch;
				"GCC_WARN_64_TO_32_BIT_CONVERSION[arch=*64]" = NO;
				INFOPLIST_FILE = "ofxiOS-Info.plist";
				IPHONEOS_DEPLOYMENT_TARGET = 10.1;
				PRODUCT_BUNDLE_IDENTIFIER = "murawaki.BrainFu-k";
				PRODUCT_NAME = "${TARGET_NAME}";
				TARGETED_DEVICE_FAMILY = "1,2";
				VALID_ARCHS = "$(ARCHS_STANDARD)";
			};
			name = Release;
		};
		C01FCF4F08A954540054247B /* Debug */ = {
			isa = XCBuildConfiguration;
			baseConfigurationReference = E41D3ED613B38FB500A75A5D /* Project.xcconfig */;
			buildSettings = {
				ALWAYS_SEARCH_USER_PATHS = YES;
				CLANG_CXX_LIBRARY = "libc++";
				CODE_SIGN_IDENTITY = "";
				"CODE_SIGN_IDENTITY[sdk=iphoneos*]" = "iPhone Developer";
				"CODE_SIGN_IDENTITY[sdk=iphonesimulator*]" = "";
				COMPRESS_PNG_FILES = NO;
				GCC_C_LANGUAGE_STANDARD = c11;
				GCC_OPTIMIZATION_LEVEL = 0;
				GCC_SYMBOLS_PRIVATE_EXTERN = NO;
				"GCC_WARN_64_TO_32_BIT_CONVERSION[arch=*64]" = NO;
				GCC_WARN_ABOUT_INVALID_OFFSETOF_MACRO = NO;
				GCC_WARN_ABOUT_POINTER_SIGNEDNESS = NO;
				GCC_WARN_ABOUT_RETURN_TYPE = YES;
				GCC_WARN_ALLOW_INCOMPLETE_PROTOCOL = NO;
				GCC_WARN_PROTOTYPE_CONVERSION = NO;
				GCC_WARN_UNUSED_VARIABLE = YES;
				HEADER_SEARCH_PATHS = (
					"$(OF_CORE_HEADERS)",
					src,
					../../addons/ofxAssimpModelLoader/libs,
					../../addons/ofxAssimpModelLoader/libs/assimp,
					../../addons/ofxAssimpModelLoader/libs/assimp/include,
					../../addons/ofxAssimpModelLoader/libs/assimp/include/assimp,
					../../addons/ofxAssimpModelLoader/libs/assimp/include/assimp/Compiler,
					../../addons/ofxAssimpModelLoader/libs/assimp/lib,
					../../addons/ofxAssimpModelLoader/libs/assimp/lib/emscripten,
					../../addons/ofxAssimpModelLoader/libs/assimp/lib/ios,
					../../addons/ofxAssimpModelLoader/libs/assimp/license,
					../../addons/ofxAssimpModelLoader/src,
					../../addons/ofxOsc/libs,
					../../addons/ofxOsc/libs/oscpack,
					../../addons/ofxOsc/libs/oscpack/src,
					../../addons/ofxOsc/libs/oscpack/src/ip,
					../../addons/ofxOsc/libs/oscpack/src/ip/posix,
					../../addons/ofxOsc/libs/oscpack/src/ip/win32,
					../../addons/ofxOsc/libs/oscpack/src/osc,
					../../addons/ofxOsc/src,
				);
				IPHONEOS_DEPLOYMENT_TARGET = 5.1.1;
				ONLY_ACTIVE_ARCH = NO;
				OTHER_LDFLAGS = (
					"$(OF_CORE_FRAMEWORKS)",
					"$(OF_CORE_LIBS)",
					../../addons/ofxAssimpModelLoader/libs/assimp/lib/ios/assimp.a,
				);
				"PROVISIONING_PROFILE[sdk=iphoneos*]" = "";
				SDKROOT = iphoneos;
				TARGETED_DEVICE_FAMILY = 1;
				VALID_ARCHS = "$(ARCHS_STANDARD)";
				WARNING_LDFLAGS = "-no_arch_warnings";
			};
			name = Debug;
		};
		C01FCF5008A954540054247B /* Release */ = {
			isa = XCBuildConfiguration;
			baseConfigurationReference = E41D3ED613B38FB500A75A5D /* Project.xcconfig */;
			buildSettings = {
				ALWAYS_SEARCH_USER_PATHS = YES;
				CLANG_CXX_LIBRARY = "libc++";
				CODE_SIGN_IDENTITY = "";
				"CODE_SIGN_IDENTITY[sdk=iphoneos*]" = "iPhone Developer";
				"CODE_SIGN_IDENTITY[sdk=iphonesimulator*]" = "";
				COMPRESS_PNG_FILES = NO;
				GCC_C_LANGUAGE_STANDARD = c11;
				GCC_DYNAMIC_NO_PIC = NO;
				GCC_GENERATE_DEBUGGING_SYMBOLS = NO;
				GCC_OPTIMIZATION_LEVEL = s;
				GCC_SYMBOLS_PRIVATE_EXTERN = NO;
				GCC_THUMB_SUPPORT = NO;
				"GCC_WARN_64_TO_32_BIT_CONVERSION[arch=*64]" = NO;
				GCC_WARN_ABOUT_RETURN_TYPE = YES;
				GCC_WARN_UNUSED_VARIABLE = YES;
				HEADER_SEARCH_PATHS = (
					"$(OF_CORE_HEADERS)",
					src,
					../../addons/ofxAssimpModelLoader/libs,
					../../addons/ofxAssimpModelLoader/libs/assimp,
					../../addons/ofxAssimpModelLoader/libs/assimp/include,
					../../addons/ofxAssimpModelLoader/libs/assimp/include/assimp,
					../../addons/ofxAssimpModelLoader/libs/assimp/include/assimp/Compiler,
					../../addons/ofxAssimpModelLoader/libs/assimp/lib,
					../../addons/ofxAssimpModelLoader/libs/assimp/lib/emscripten,
					../../addons/ofxAssimpModelLoader/libs/assimp/lib/ios,
					../../addons/ofxAssimpModelLoader/libs/assimp/license,
					../../addons/ofxAssimpModelLoader/src,
					../../addons/ofxOsc/libs,
					../../addons/ofxOsc/libs/oscpack,
					../../addons/ofxOsc/libs/oscpack/src,
					../../addons/ofxOsc/libs/oscpack/src/ip,
					../../addons/ofxOsc/libs/oscpack/src/ip/posix,
					../../addons/ofxOsc/libs/oscpack/src/ip/win32,
					../../addons/ofxOsc/libs/oscpack/src/osc,
					../../addons/ofxOsc/src,
				);
				IPHONEOS_DEPLOYMENT_TARGET = 5.1.1;
				ONLY_ACTIVE_ARCH = NO;
				OTHER_LDFLAGS = (
					"$(OF_CORE_FRAMEWORKS)",
					"$(OF_CORE_LIBS)",
					../../addons/ofxAssimpModelLoader/libs/assimp/lib/ios/assimp.a,
				);
				SDKROOT = iphoneos;
				TARGETED_DEVICE_FAMILY = 1;
				VALID_ARCHS = "$(ARCHS_STANDARD)";
				WARNING_LDFLAGS = "-no_arch_warnings";
			};
			name = Release;
		};
/* End XCBuildConfiguration section */

/* Begin XCConfigurationList section */
		1D6058960D05DD3E006BFB54 /* Build configuration list for PBXNativeTarget "BrainFu_k" */ = {
			isa = XCConfigurationList;
			buildConfigurations = (
				1D6058940D05DD3E006BFB54 /* Debug */,
				1D6058950D05DD3E006BFB54 /* Release */,
			);
			defaultConfigurationIsVisible = 0;
			defaultConfigurationName = Release;
		};
		C01FCF4E08A954540054247B /* Build configuration list for PBXProject "BrainFu_k" */ = {
			isa = XCConfigurationList;
			buildConfigurations = (
				C01FCF4F08A954540054247B /* Debug */,
				C01FCF5008A954540054247B /* Release */,
			);
			defaultConfigurationIsVisible = 0;
			defaultConfigurationName = Release;
		};
/* End XCConfigurationList section */
	};
	rootObject = 29B97313FDCFA39411CA2CEA /* Project object */;
}
